
Microsoft Visual Studio Solution File, Format Version 12.00
# Visual Studio Version 17
VisualStudioVersion = 17.9.34701.34
MinimumVisualStudioVersion = 10.0.40219.1
Project("{9A19103F-16F7-4668-BE54-9A1E7A4F7556}") = "Member.Core", "Member.Core\Member.Core.csproj", "{343BDAC2-0164-4A06-BF75-1D79B54B068C}"
EndProject
Project("{9A19103F-16F7-4668-BE54-9A1E7A4F7556}") = "Member.Application", "Member.Application\Member.Application.csproj", "{0185A774-2DA1-4E59-B624-6BB9440AE134}"
EndProject
Project("{9A19103F-16F7-4668-BE54-9A1E7A4F7556}") = "Member.Infrastructure", "Member.Infastructure\Member.Infrastructure.csproj", "{C4F8EC91-F571-4140-A391-BB276DF7922F}"
EndProject
Project("{9A19103F-16F7-4668-BE54-9A1E7A4F7556}") = "Member.Api", "Member.Api\Member.Api.csproj", "{74497508-865A-49D3-976E-8E16B8E405FE}"
EndProject
Global
	GlobalSection(SolutionConfigurationPlatforms) = preSolution
		Debug|Any CPU = Debug|Any CPU
		Release|Any CPU = Release|Any CPU
	EndGlobalSection
	GlobalSection(ProjectConfigurationPlatforms) = postSolution
		{343BDAC2-0164-4A06-BF75-1D79B54B068C}.Debug|Any CPU.ActiveCfg = Debug|Any CPU
		{343BDAC2-0164-4A06-BF75-1D79B54B068C}.Debug|Any CPU.Build.0 = Debug|Any CPU
		{343BDAC2-0164-4A06-BF75-1D79B54B068C}.Release|Any CPU.ActiveCfg = Release|Any CPU
		{343BDAC2-0164-4A06-BF75-1D79B54B068C}.Release|Any CPU.Build.0 = Release|Any CPU
		{0185A774-2DA1-4E59-B624-6BB9440AE134}.Debug|Any CPU.ActiveCfg = Debug|Any CPU
		{0185A774-2DA1-4E59-B624-6BB9440AE134}.Debug|Any CPU.Build.0 = Debug|Any CPU
		{0185A774-2DA1-4E59-B624-6BB9440AE134}.Release|Any CPU.ActiveCfg = Release|Any CPU
		{0185A774-2DA1-4E59-B624-6BB9440AE134}.Release|Any CPU.Build.0 = Release|Any CPU
		{C4F8EC91-F571-4140-A391-BB276DF7922F}.Debug|Any CPU.ActiveCfg = Debug|Any CPU
		{C4F8EC91-F571-4140-A391-BB276DF7922F}.Debug|Any CPU.Build.0 = Debug|Any CPU
		{C4F8EC91-F571-4140-A391-BB276DF7922F}.Release|Any CPU.ActiveCfg = Release|Any CPU
		{C4F8EC91-F571-4140-A391-BB276DF7922F}.Release|Any CPU.Build.0 = Release|Any CPU
		{74497508-865A-49D3-976E-8E16B8E405FE}.Debug|Any CPU.ActiveCfg = Debug|Any CPU
		{74497508-865A-49D3-976E-8E16B8E405FE}.Debug|Any CPU.Build.0 = Debug|Any CPU
		{74497508-865A-49D3-976E-8E16B8E405FE}.Release|Any CPU.ActiveCfg = Release|Any CPU
		{74497508-865A-49D3-976E-8E16B8E405FE}.Release|Any CPU.Build.0 = Release|Any CPU
	EndGlobalSection
	GlobalSection(SolutionProperties) = preSolution
		HideSolutionNode = FALSE
	EndGlobalSection
	GlobalSection(ExtensibilityGlobals) = postSolution
		SolutionGuid = {7BAF83D9-2F30-495B-A12A-82895ABE3590}
	EndGlobalSection
EndGlobal
